
Microsoft Visual Studio Solution File, Format Version 12.00
# Visual Studio Version 17
VisualStudioVersion = 17.11.35208.52
MinimumVisualStudioVersion = 10.0.40219.1
Project("{9A19103F-16F7-4668-BE54-9A1E7A4F7556}") = "Domain", "Domain\Domain.csproj", "{46251DEF-131F-4BC0-91A1-C6D04D086745}"
EndProject
Project("{9A19103F-16F7-4668-BE54-9A1E7A4F7556}") = "Infrastructure", "Infrastructure\Infrastructure.csproj", "{CE7D0B58-F6A3-4DDA-AFA1-39636763C2D3}"
EndProject
Project("{9A19103F-16F7-4668-BE54-9A1E7A4F7556}") = "Application", "Application\Application.csproj", "{BF38E802-7D4F-401F-8610-15F683D4E45E}"
EndProject
Project("{9A19103F-16F7-4668-BE54-9A1E7A4F7556}") = "Website", "Website\Website.csproj", "{C010C6BD-5903-4D39-96DB-FAFFE8A49D0F}"
EndProject
Project("{2150E333-8FDC-42A3-9474-1A3956D46DE8}") = "Solution Items", "Solution Items", "{BBF57B4E-1DAB-4832-8B12-7A78B45C0585}"
	ProjectSection(SolutionItems) = preProject
		.gitignore = .gitignore
	EndProjectSection
EndProject
Project("{2150E333-8FDC-42A3-9474-1A3956D46DE8}") = "Database", "Database", "{B2FE70CA-25B7-41A4-AB13-5970354F5C85}"
	ProjectSection(SolutionItems) = preProject
		..\Database\DbScript1.sql = ..\Database\DbScript1.sql
	EndProjectSection
EndProject
Global
	GlobalSection(SolutionConfigurationPlatforms) = preSolution
		Debug|Any CPU = Debug|Any CPU
		Release|Any CPU = Release|Any CPU
	EndGlobalSection
	GlobalSection(ProjectConfigurationPlatforms) = postSolution
		{46251DEF-131F-4BC0-91A1-C6D04D086745}.Debug|Any CPU.ActiveCfg = Debug|Any CPU
		{46251DEF-131F-4BC0-91A1-C6D04D086745}.Debug|Any CPU.Build.0 = Debug|Any CPU
		{46251DEF-131F-4BC0-91A1-C6D04D086745}.Release|Any CPU.ActiveCfg = Release|Any CPU
		{46251DEF-131F-4BC0-91A1-C6D04D086745}.Release|Any CPU.Build.0 = Release|Any CPU
		{CE7D0B58-F6A3-4DDA-AFA1-39636763C2D3}.Debug|Any CPU.ActiveCfg = Debug|Any CPU
		{CE7D0B58-F6A3-4DDA-AFA1-39636763C2D3}.Debug|Any CPU.Build.0 = Debug|Any CPU
		{CE7D0B58-F6A3-4DDA-AFA1-39636763C2D3}.Release|Any CPU.ActiveCfg = Release|Any CPU
		{CE7D0B58-F6A3-4DDA-AFA1-39636763C2D3}.Release|Any CPU.Build.0 = Release|Any CPU
		{BF38E802-7D4F-401F-8610-15F683D4E45E}.Debug|Any CPU.ActiveCfg = Debug|Any CPU
		{BF38E802-7D4F-401F-8610-15F683D4E45E}.Debug|Any CPU.Build.0 = Debug|Any CPU
		{BF38E802-7D4F-401F-8610-15F683D4E45E}.Release|Any CPU.ActiveCfg = Release|Any CPU
		{BF38E802-7D4F-401F-8610-15F683D4E45E}.Release|Any CPU.Build.0 = Release|Any CPU
		{C010C6BD-5903-4D39-96DB-FAFFE8A49D0F}.Debug|Any CPU.ActiveCfg = Debug|Any CPU
		{C010C6BD-5903-4D39-96DB-FAFFE8A49D0F}.Debug|Any CPU.Build.0 = Debug|Any CPU
		{C010C6BD-5903-4D39-96DB-FAFFE8A49D0F}.Release|Any CPU.ActiveCfg = Release|Any CPU
		{C010C6BD-5903-4D39-96DB-FAFFE8A49D0F}.Release|Any CPU.Build.0 = Release|Any CPU
	EndGlobalSection
	GlobalSection(SolutionProperties) = preSolution
		HideSolutionNode = FALSE
	EndGlobalSection
	GlobalSection(ExtensibilityGlobals) = postSolution
		SolutionGuid = {5A37CAF2-4799-432C-BA7F-629A1D1DF084}
	EndGlobalSection
EndGlobal
